PODS:
  - JPCrop (0.2.4)
  - pop (1.0.12)

DEPENDENCIES:
  - JPCrop (from `../`)
  - pop

SPEC REPOS:
  trunk:
    - pop

EXTERNAL SOURCES:
  JPCrop:
    :path: "../"

SPEC CHECKSUMS:
  JPCrop: 3a5b56acc7c0865312540c9738ae4253cee3fa2b
  pop: d582054913807fd11fd50bfe6a539d91c7e1a55a

PODFILE CHECKSUM: 2370da9e45a5c7299c50a99d73814c8e01e456f7

COCOAPODS: 1.12.1
