PODS:
  - JPCrop (0.2.3)
  - pop (1.0.12)

DEPENDENCIES:
  - JPCrop (from `../`)
  - pop

SPEC REPOS:
  trunk:
    - pop

EXTERNAL SOURCES:
  JPCrop:
    :path: "../"

SPEC CHECKSUMS:
  JPCrop: d260e4456ee0b281214642f6abd96b76b3e17971
  pop: d582054913807fd11fd50bfe6a539d91c7e1a55a

PODFILE CHECKSUM: 2370da9e45a5c7299c50a99d73814c8e01e456f7

COCOAPODS: 1.11.3
