PODS:
  - JPCrop (0.2.2)
  - pop (1.0.12)

DEPENDENCIES:
  - JPCrop (from `../`)
  - pop

SPEC REPOS:
  trunk:
    - pop

EXTERNAL SOURCES:
  JPCrop:
    :path: "../"

SPEC CHECKSUMS:
  JPCrop: 6599828ff2b0fdaa16f3d1c03ba55a947c402578
  pop: d582054913807fd11fd50bfe6a539d91c7e1a55a

PODFILE CHECKSUM: 842514dc3b673fce7beef4b7976c54b8277d822b

COCOAPODS: 1.11.3
